{
  "name": "ffmpeg-bundle",
  "version": "1.0.0",
  "lockfileVersion": 1,
  "requires": true,
  "dependencies": {
    "@ffmpeg-installer/darwin-x64": {
      "version": "4.0.3",
      "resolved": "https://registry.npmjs.org/@ffmpeg-installer/darwin-x64/-/darwin-x64-4.0.3.tgz",
      "integrity": "sha1-ZU5ozEi4xyw5p3H9+ACkLBhNytU=",
      "optional": true
    },
    "@ffmpeg-installer/ffmpeg": {
      "version": "1.0.12",
      "resolved": "https://registry.npmjs.org/@ffmpeg-installer/ffmpeg/-/ffmpeg-1.0.12.tgz",
      "integrity": "sha1-TQaxtaExNcW7cA2BV2ZZZSgeUMA=",
      "requires": {
        "@ffmpeg-installer/darwin-x64": "4.0.3",
        "@ffmpeg-installer/linux-ia32": "4.0.2",
        "@ffmpeg-installer/linux-x64": "4.0.2",
        "@ffmpeg-installer/win32-ia32": "4.0.2",
        "@ffmpeg-installer/win32-x64": "4.0.1"
      }
    },
    "@ffmpeg-installer/linux-ia32": {
      "version": "4.0.2",
      "resolved": "https://registry.npmjs.org/@ffmpeg-installer/linux-ia32/-/linux-ia32-4.0.2.tgz",
      "integrity": "sha1-HQI0q26p1z8owdTAYkWUcq2kmok=",
      "optional": true
    },
    "@ffmpeg-installer/linux-x64": {
      "version": "4.0.2",
      "resolved": "https://registry.npmjs.org/@ffmpeg-installer/linux-x64/-/linux-x64-4.0.2.tgz",
      "integrity": "sha1-St4RnjjniQmxfF+7yKJi5OiezaU=",
      "optional": true
    },
    "@ffmpeg-installer/win32-ia32": {
      "version": "4.0.2",
      "resolved": "https://registry.npmjs.org/@ffmpeg-installer/win32-ia32/-/win32-ia32-4.0.2.tgz",
      "integrity": "sha1-AnV+8aRH1wZEVPymUOC5ms3jqg8=",
      "optional": true
    },
    "@ffmpeg-installer/win32-x64": {
      "version": "4.0.1",
      "resolved": "https://registry.npmjs.org/@ffmpeg-installer/win32-x64/-/win32-x64-4.0.1.tgz",
      "integrity": "sha1-9EB7c81P4/fJyqA7ILTI6kwN864=",
      "optional": true
    }
  }
}
